// !$*UTF8*$!
{
	archiveVersion = 1;
	classes = {
	};
	objectVersion = 46;
	objects = {

/* Begin PBXBuildFile section */
		CDA1DEA71DBA3B000067C7F5 /* main.m in Sources */ = {isa = PBXBuildFile; fileRef = CDA1DEA61DBA3B000067C7F5 /* main.m */; };
		CDA1DEAA1DBA3B000067C7F5 /* AppDelegate.m in Sources */ = {isa = PBXBuildFile; fileRef = CDA1DEA91DBA3B000067C7F5 /* AppDelegate.m */; };
		CDA1DEAD1DBA3B000067C7F5 /* ViewController.m in Sources */ = {isa = PBXBuildFile; fileRef = CDA1DEAC1DBA3B000067C7F5 /* ViewController.m */; };
		CDA1DEB01DBA3B000067C7F5 /* Main.storyboard in Resources */ = {isa = PBXBuildFile; fileRef = CDA1DEAE1DBA3B000067C7F5 /* Main.storyboard */; };
		CDA1DEB21DBA3B000067C7F5 /* Assets.xcassets in Resources */ = {isa = PBXBuildFile; fileRef = CDA1DEB11DBA3B000067C7F5 /* Assets.xcassets */; };
		CDA1DEB51DBA3B000067C7F5 /* LaunchScreen.storyboard in Resources */ = {isa = PBXBuildFile; fileRef = CDA1DEB31DBA3B000067C7F5 /* LaunchScreen.storyboard */; };
		CDA1DEC01DBA3B000067C7F5 /* ZHNformViewTests.m in Sources */ = {isa = PBXBuildFile; fileRef = CDA1DEBF1DBA3B000067C7F5 /* ZHNformViewTests.m */; };
		CDA1DECB1DBA3B000067C7F5 /* ZHNformViewUITests.m in Sources */ = {isa = PBXBuildFile; fileRef = CDA1DECA1DBA3B000067C7F5 /* ZHNformViewUITests.m */; };
		CDCAF9D01DC7078A00F8EDA4 /* ZHNformView.m in Sources */ = {isa = PBXBuildFile; fileRef = CDCAF9CF1DC7078A00F8EDA4 /* ZHNformView.m */; };
/* End PBXBuildFile section */

/* Begin PBXContainerItemProxy section */
		CDA1DEBC1DBA3B000067C7F5 /* PBXContainerItemProxy */ = {
			isa = PBXContainerItemProxy;
			containerPortal = CDA1DE9A1DBA3B000067C7F5 /* Project object */;
			proxyType = 1;
			remoteGlobalIDString = CDA1DEA11DBA3B000067C7F5;
			remoteInfo = ZHNformView;
		};
		CDA1DEC71DBA3B000067C7F5 /* PBXContainerItemProxy */ = {
			isa = PBXContainerItemProxy;
			containerPortal = CDA1DE9A1DBA3B000067C7F5 /* Project object */;
			proxyType = 1;
			remoteGlobalIDString = CDA1DEA11DBA3B000067C7F5;
			remoteInfo = ZHNformView;
		};
/* End PBXContainerItemProxy section */

/* Begin PBXFileReference section */
		CDA1DEA21DBA3B000067C7F5 /* ZHNformView.app */ = {isa = PBXFileReference; explicitFileType = wrapper.application; includeInIndex = 0; path = ZHNformView.app; sourceTree = BUILT_PRODUCTS_DIR; };
		CDA1DEA61DBA3B000067C7F5 /* main.m */ = {isa = PBXFileReference; lastKnownFileType = sourcecode.c.objc; path = main.m; sourceTree = "<group>"; };
		CDA1DEA81DBA3B000067C7F5 /* AppDelegate.h */ = {isa = PBXFileReference; lastKnownFileType = sourcecode.c.h; path = AppDelegate.h; sourceTree = "<group>"; };
		CDA1DEA91DBA3B000067C7F5 /* AppDelegate.m */ = {isa = PBXFileReference; lastKnownFileType = sourcecode.c.objc; path = AppDelegate.m; sourceTree = "<group>"; };
		CDA1DEAB1DBA3B000067C7F5 /* ViewController.h */ = {isa = PBXFileReference; lastKnownFileType = sourcecode.c.h; path = ViewController.h; sourceTree = "<group>"; };
		CDA1DEAC1DBA3B000067C7F5 /* ViewController.m */ = {isa = PBXFileReference; lastKnownFileType = sourcecode.c.objc; path = ViewController.m; sourceTree = "<group>"; };
		CDA1DEAF1DBA3B000067C7F5 /* Base */ = {isa = PBXFileReference; lastKnownFileType = file.storyboard; name = Base; path = Base.lproj/Main.storyboard; sourceTree = "<group>"; };
		CDA1DEB11DBA3B000067C7F5 /* Assets.xcassets */ = {isa = PBXFileReference; lastKnownFileType = folder.assetcatalog; path = Assets.xcassets; sourceTree = "<group>"; };
		CDA1DEB41DBA3B000067C7F5 /* Base */ = {isa = PBXFileReference; lastKnownFileType = file.storyboard; name = Base; path = Base.lproj/LaunchScreen.storyboard; sourceTree = "<group>"; };
		CDA1DEB61DBA3B000067C7F5 /* Info.plist */ = {isa = PBXFileReference; lastKnownFileType = text.plist.xml; path = Info.plist; sourceTree = "<group>"; };
		CDA1DEBB1DBA3B000067C7F5 /* ZHNformViewTests.xctest */ = {isa = PBXFileReference; explicitFileType = wrapper.cfbundle; includeInIndex = 0; path = ZHNformViewTests.xctest; sourceTree = BUILT_PRODUCTS_DIR; };
		CDA1DEBF1DBA3B000067C7F5 /* ZHNformViewTests.m */ = {isa = PBXFileReference; lastKnownFileType = sourcecode.c.objc; path = ZHNformViewTests.m; sourceTree = "<group>"; };
		CDA1DEC11DBA3B000067C7F5 /* Info.plist */ = {isa = PBXFileReference; lastKnownFileType = text.plist.xml; path = Info.plist; sourceTree = "<group>"; };
		CDA1DEC61DBA3B000067C7F5 /* ZHNformViewUITests.xctest */ = {isa = PBXFileReference; explicitFileType = wrapper.cfbundle; includeInIndex = 0; path = ZHNformViewUITests.xctest; sourceTree = BUILT_PRODUCTS_DIR; };
		CDA1DECA1DBA3B000067C7F5 /* ZHNformViewUITests.m */ = {isa = PBXFileReference; lastKnownFileType = sourcecode.c.objc; path = ZHNformViewUITests.m; sourceTree = "<group>"; };
		CDA1DECC1DBA3B000067C7F5 /* Info.plist */ = {isa = PBXFileReference; lastKnownFileType = text.plist.xml; path = Info.plist; sourceTree = "<group>"; };
		CDCAF9CE1DC7078900F8EDA4 /* ZHNformView.h */ = {isa = PBXFileReference; fileEncoding = 4; lastKnownFileType = sourcecode.c.h; path = ZHNformView.h; sourceTree = "<group>"; };
		CDCAF9CF1DC7078A00F8EDA4 /* ZHNformView.m */ = {isa = PBXFileReference; fileEncoding = 4; lastKnownFileType = sourcecode.c.objc; path = ZHNformView.m; sourceTree = "<group>"; };
/* End PBXFileReference section */

/* Begin PBXFrameworksBuildPhase section */
		CDA1DE9F1DBA3B000067C7F5 /* Frameworks */ = {
			isa = PBXFrameworksBuildPhase;
			buildActionMask = 2147483647;
			files = (
			);
			runOnlyForDeploymentPostprocessing = 0;
		};
		CDA1DEB81DBA3B000067C7F5 /* Frameworks */ = {
			isa = PBXFrameworksBuildPhase;
			buildActionMask = 2147483647;
			files = (
			);
			runOnlyForDeploymentPostprocessing = 0;
		};
		CDA1DEC31DBA3B000067C7F5 /* Frameworks */ = {
			isa = PBXFrameworksBuildPhase;
			buildActionMask = 2147483647;
			files = (
			);
			runOnlyForDeploymentPostprocessing = 0;
		};
/* End PBXFrameworksBuildPhase section */

/* Begin PBXGroup section */
		CDA1DE991DBA3B000067C7F5 = {
			isa = PBXGroup;
			children = (
				CDA1DEA41DBA3B000067C7F5 /* ZHNformView */,
				CDA1DEBE1DBA3B000067C7F5 /* ZHNformViewTests */,
				CDA1DEC91DBA3B000067C7F5 /* ZHNformViewUITests */,
				CDA1DEA31DBA3B000067C7F5 /* Products */,
			);
			sourceTree = "<group>";
		};
		CDA1DEA31DBA3B000067C7F5 /* Products */ = {
			isa = PBXGroup;
			children = (
				CDA1DEA21DBA3B000067C7F5 /* ZHNformView.app */,
				CDA1DEBB1DBA3B000067C7F5 /* ZHNformViewTests.xctest */,
				CDA1DEC61DBA3B000067C7F5 /* ZHNformViewUITests.xctest */,
			);
			name = Products;
			sourceTree = "<group>";
		};
		CDA1DEA41DBA3B000067C7F5 /* ZHNformView */ = {
			isa = PBXGroup;
			children = (
				CDA1DEA81DBA3B000067C7F5 /* AppDelegate.h */,
				CDA1DEA91DBA3B000067C7F5 /* AppDelegate.m */,
				CDA1DEAB1DBA3B000067C7F5 /* ViewController.h */,
				CDA1DEAC1DBA3B000067C7F5 /* ViewController.m */,
				CDCAF9CE1DC7078900F8EDA4 /* ZHNformView.h */,
				CDCAF9CF1DC7078A00F8EDA4 /* ZHNformView.m */,
				CDA1DEAE1DBA3B000067C7F5 /* Main.storyboard */,
				CDA1DEB11DBA3B000067C7F5 /* Assets.xcassets */,
				CDA1DEB31DBA3B000067C7F5 /* LaunchScreen.storyboard */,
				CDA1DEB61DBA3B000067C7F5 /* Info.plist */,
				CDA1DEA51DBA3B000067C7F5 /* Supporting Files */,
			);
			path = ZHNformView;
			sourceTree = "<group>";
		};
		CDA1DEA51DBA3B000067C7F5 /* Supporting Files */ = {
			isa = PBXGroup;
			children = (
				CDA1DEA61DBA3B000067C7F5 /* main.m */,
			);
			name = "Supporting Files";
			sourceTree = "<group>";
		};
		CDA1DEBE1DBA3B000067C7F5 /* ZHNformViewTests */ = {
			isa = PBXGroup;
			children = (
				CDA1DEBF1DBA3B000067C7F5 /* ZHNformViewTests.m */,
				CDA1DEC11DBA3B000067C7F5 /* Info.plist */,
			);
			path = ZHNformViewTests;
			sourceTree = "<group>";
		};
		CDA1DEC91DBA3B000067C7F5 /* ZHNformViewUITests */ = {
			isa = PBXGroup;
			children = (
				CDA1DECA1DBA3B000067C7F5 /* ZHNformViewUITests.m */,
				CDA1DECC1DBA3B000067C7F5 /* Info.plist */,
			);
			path = ZHNformViewUITests;
			sourceTree = "<group>";
		};
/* End PBXGroup section */

/* Begin PBXNativeTarget section */
		CDA1DEA11DBA3B000067C7F5 /* ZHNformView */ = {
			isa = PBXNativeTarget;
			buildConfigurationList = CDA1DECF1DBA3B000067C7F5 /* Build configuration list for PBXNativeTarget "ZHNformView" */;
			buildPhases = (
				CDA1DE9E1DBA3B000067C7F5 /* Sources */,
				CDA1DE9F1DBA3B000067C7F5 /* Frameworks */,
				CDA1DEA01DBA3B000067C7F5 /* Resources */,
			);
			buildRules = (
			);
			dependencies = (
			);
			name = ZHNformView;
			productName = ZHNformView;
			productReference = CDA1DEA21DBA3B000067C7F5 /* ZHNformView.app */;
			productType = "com.apple.product-type.application";
		};
		CDA1DEBA1DBA3B000067C7F5 /* ZHNformViewTests */ = {
			isa = PBXNativeTarget;
			buildConfigurationList = CDA1DED21DBA3B000067C7F5 /* Build configuration list for PBXNativeTarget "ZHNformViewTests" */;
			buildPhases = (
				CDA1DEB71DBA3B000067C7F5 /* Sources */,
				CDA1DEB81DBA3B000067C7F5 /* Frameworks */,
				CDA1DEB91DBA3B000067C7F5 /* Resources */,
			);
			buildRules = (
			);
			dependencies = (
				CDA1DEBD1DBA3B000067C7F5 /* PBXTargetDependency */,
			);
			name = ZHNformViewTests;
			productName = ZHNformViewTests;
			productReference = CDA1DEBB1DBA3B000067C7F5 /* ZHNformViewTests.xctest */;
			productType = "com.apple.product-type.bundle.unit-test";
		};
		CDA1DEC51DBA3B000067C7F5 /* ZHNformViewUITests */ = {
			isa = PBXNativeTarget;
			buildConfigurationList = CDA1DED51DBA3B000067C7F5 /* Build configuration list for PBXNativeTarget "ZHNformViewUITests" */;
			buildPhases = (
				CDA1DEC21DBA3B000067C7F5 /* Sources */,
				CDA1DEC31DBA3B000067C7F5 /* Frameworks */,
				CDA1DEC41DBA3B000067C7F5 /* Resources */,
			);
			buildRules = (
			);
			dependencies = (
				CDA1DEC81DBA3B000067C7F5 /* PBXTargetDependency */,
			);
			name = ZHNformViewUITests;
			productName = ZHNformViewUITests;
			productReference = CDA1DEC61DBA3B000067C7F5 /* ZHNformViewUITests.xctest */;
			productType = "com.apple.product-type.bundle.ui-testing";
		};
/* End PBXNativeTarget section */

/* Begin PBXProject section */
		CDA1DE9A1DBA3B000067C7F5 /* Project object */ = {
			isa = PBXProject;
			attributes = {
				LastUpgradeCheck = 0800;
				ORGANIZATIONNAME = zhn;
				TargetAttributes = {
					CDA1DEA11DBA3B000067C7F5 = {
						CreatedOnToolsVersion = 8.0;
						DevelopmentTeam = 5V5B3UC44Z;
						ProvisioningStyle = Automatic;
					};
					CDA1DEBA1DBA3B000067C7F5 = {
						CreatedOnToolsVersion = 8.0;
						ProvisioningStyle = Automatic;
						TestTargetID = CDA1DEA11DBA3B000067C7F5;
					};
					CDA1DEC51DBA3B000067C7F5 = {
						CreatedOnToolsVersion = 8.0;
						ProvisioningStyle = Automatic;
						TestTargetID = CDA1DEA11DBA3B000067C7F5;
					};
				};
			};
			buildConfigurationList = CDA1DE9D1DBA3B000067C7F5 /* Build configuration list for PBXProject "ZHNformView" */;
			compatibilityVersion = "Xcode 3.2";
			developmentRegion = English;
			hasScannedForEncodings = 0;
			knownRegions = (
				en,
				Base,
			);
			mainGroup = CDA1DE991DBA3B000067C7F5;
			productRefGroup = CDA1DEA31DBA3B000067C7F5 /* Products */;
			projectDirPath = "";
			projectRoot = "";
			targets = (
				CDA1DEA11DBA3B000067C7F5 /* ZHNformView */,
				CDA1DEBA1DBA3B000067C7F5 /* ZHNformViewTests */,
				CDA1DEC51DBA3B000067C7F5 /* ZHNformViewUITests */,
			);
		};
/* End PBXProject section */

/* Begin PBXResourcesBuildPhase section */
		CDA1DEA01DBA3B000067C7F5 /* Resources */ = {
			isa = PBXResourcesBuildPhase;
			buildActionMask = 2147483647;
			files = (
				CDA1DEB51DBA3B000067C7F5 /* LaunchScreen.storyboard in Resources */,
				CDA1DEB21DBA3B000067C7F5 /* Assets.xcassets in Resources */,
				CDA1DEB01DBA3B000067C7F5 /* Main.storyboard in Resources */,
			);
			runOnlyForDeploymentPostprocessing = 0;
		};
		CDA1DEB91DBA3B000067C7F5 /* Resources */ = {
			isa = PBXResourcesBuildPhase;
			buildActionMask = 2147483647;
			files = (
			);
			runOnlyForDeploymentPostprocessing = 0;
		};
		CDA1DEC41DBA3B000067C7F5 /* Resources */ = {
			isa = PBXResourcesBuildPhase;
			buildActionMask = 2147483647;
			files = (
			);
			runOnlyForDeploymentPostprocessing = 0;
		};
/* End PBXResourcesBuildPhase section */

/* Begin PBXSourcesBuildPhase section */
		CDA1DE9E1DBA3B000067C7F5 /* Sources */ = {
			isa = PBXSourcesBuildPhase;
			buildActionMask = 2147483647;
			files = (
				CDA1DEAD1DBA3B000067C7F5 /* ViewController.m in Sources */,
				CDA1DEAA1DBA3B000067C7F5 /* AppDelegate.m in Sources */,
				CDA1DEA71DBA3B000067C7F5 /* main.m in Sources */,
				CDCAF9D01DC7078A00F8EDA4 /* ZHNformView.m in Sources */,
			);
			runOnlyForDeploymentPostprocessing = 0;
		};
		CDA1DEB71DBA3B000067C7F5 /* Sources */ = {
			isa = PBXSourcesBuildPhase;
			buildActionMask = 2147483647;
			files = (
				CDA1DEC01DBA3B000067C7F5 /* ZHNformViewTests.m in Sources */,
			);
			runOnlyForDeploymentPostprocessing = 0;
		};
		CDA1DEC21DBA3B000067C7F5 /* Sources */ = {
			isa = PBXSourcesBuildPhase;
			buildActionMask = 2147483647;
			files = (
				CDA1DECB1DBA3B000067C7F5 /* ZHNformViewUITests.m in Sources */,
			);
			runOnlyForDeploymentPostprocessing = 0;
		};
/* End PBXSourcesBuildPhase section */

/* Begin PBXTargetDependency section */
		CDA1DEBD1DBA3B000067C7F5 /* PBXTargetDependency */ = {
			isa = PBXTargetDependency;
			target = CDA1DEA11DBA3B000067C7F5 /* ZHNformView */;
			targetProxy = CDA1DEBC1DBA3B000067C7F5 /* PBXContainerItemProxy */;
		};
		CDA1DEC81DBA3B000067C7F5 /* PBXTargetDependency */ = {
			isa = PBXTargetDependency;
			target = CDA1DEA11DBA3B000067C7F5 /* ZHNformView */;
			targetProxy = CDA1DEC71DBA3B000067C7F5 /* PBXContainerItemProxy */;
		};
/* End PBXTargetDependency section */

/* Begin PBXVariantGroup section */
		CDA1DEAE1DBA3B000067C7F5 /* Main.storyboard */ = {
			isa = PBXVariantGroup;
			children = (
				CDA1DEAF1DBA3B000067C7F5 /* Base */,
			);
			name = Main.storyboard;
			sourceTree = "<group>";
		};
		CDA1DEB31DBA3B000067C7F5 /* LaunchScreen.storyboard */ = {
			isa = PBXVariantGroup;
			children = (
				CDA1DEB41DBA3B000067C7F5 /* Base */,
			);
			name = LaunchScreen.storyboard;
			sourceTree = "<group>";
		};
/* End PBXVariantGroup section */

/* Begin XCBuildConfiguration section */
		CDA1DECD1DBA3B000067C7F5 /* Debug */ = {
			isa = XCBuildConfiguration;
			buildSettings = {
				ALWAYS_SEARCH_USER_PATHS = NO;
				CLANG_ANALYZER_NONNULL = YES;
				CLANG_CXX_LANGUAGE_STANDARD = "gnu++0x";
				CLANG_CXX_LIBRARY = "libc++";
				CLANG_ENABLE_MODULES = YES;
				CLANG_ENABLE_OBJC_ARC = YES;
				CLANG_WARN_BOOL_CONVERSION = YES;
				CLANG_WARN_CONSTANT_CONVERSION = YES;
				CLANG_WARN_DIRECT_OBJC_ISA_USAGE = YES_ERROR;
				CLANG_WARN_DOCUMENTATION_COMMENTS = YES;
				CLANG_WARN_EMPTY_BODY = YES;
				CLANG_WARN_ENUM_CONVERSION = YES;
				CLANG_WARN_INFINITE_RECURSION = YES;
				CLANG_WARN_INT_CONVERSION = YES;
				CLANG_WARN_OBJC_ROOT_CLASS = YES_ERROR;
				CLANG_WARN_SUSPICIOUS_MOVES = YES;
				CLANG_WARN_UNREACHABLE_CODE = YES;
				CLANG_WARN__DUPLICATE_METHOD_MATCH = YES;
				"CODE_SIGN_IDENTITY[sdk=iphoneos*]" = "iPhone Developer";
				COPY_PHASE_STRIP = NO;
				DEBUG_INFORMATION_FORMAT = dwarf;
				ENABLE_STRICT_OBJC_MSGSEND = YES;
				ENABLE_TESTABILITY = YES;
				GCC_C_LANGUAGE_STANDARD = gnu99;
				GCC_DYNAMIC_NO_PIC = NO;
				GCC_NO_COMMON_BLOCKS = YES;
				GCC_OPTIMIZATION_LEVEL = 0;
				GCC_PREPROCESSOR_DEFINITIONS = (
					"DEBUG=1",
					"$(inherited)",
				);
				GCC_WARN_64_TO_32_BIT_CONVERSION = YES;
				GCC_WARN_ABOUT_RETURN_TYPE = YES_ERROR;
				GCC_WARN_UNDECLARED_SELECTOR = YES;
				GCC_WARN_UNINITIALIZED_AUTOS = YES_AGGRESSIVE;
				GCC_WARN_UNUSED_FUNCTION = YES;
				GCC_WARN_UNUSED_VARIABLE = YES;
				IPHONEOS_DEPLOYMENT_TARGET = 10.0;
				MTL_ENABLE_DEBUG_INFO = YES;
				ONLY_ACTIVE_ARCH = YES;
				SDKROOT = iphoneos;
			};
			name = Debug;
		};
		CDA1DECE1DBA3B000067C7F5 /* Release */ = {
			isa = XCBuildConfiguration;
			buildSettings = {
				ALWAYS_SEARCH_USER_PATHS = NO;
				CLANG_ANALYZER_NONNULL = YES;
				CLANG_CXX_LANGUAGE_STANDARD = "gnu++0x";
				CLANG_CXX_LIBRARY = "libc++";
				CLANG_ENABLE_MODULES = YES;
				CLANG_ENABLE_OBJC_ARC = YES;
				CLANG_WARN_BOOL_CONVERSION = YES;
				CLANG_WARN_CONSTANT_CONVERSION = YES;
				CLANG_WARN_DIRECT_OBJC_ISA_USAGE = YES_ERROR;
				CLANG_WARN_DOCUMENTATION_COMMENTS = YES;
				CLANG_WARN_EMPTY_BODY = YES;
				CLANG_WARN_ENUM_CONVERSION = YES;
				CLANG_WARN_INFINITE_RECURSION = YES;
				CLANG_WARN_INT_CONVERSION = YES;
				CLANG_WARN_OBJC_ROOT_CLASS = YES_ERROR;
				CLANG_WARN_SUSPICIOUS_MOVES = YES;
				CLANG_WARN_UNREACHABLE_CODE = YES;
				CLANG_WARN__DUPLICATE_METHOD_MATCH = YES;
				"CODE_SIGN_IDENTITY[sdk=iphoneos*]" = "iPhone Developer";
				COPY_PHASE_STRIP = NO;
				DEBUG_INFORMATION_FORMAT = "dwarf-with-dsym";
				ENABLE_NS_ASSERTIONS = NO;
				ENABLE_STRICT_OBJC_MSGSEND = YES;
				GCC_C_LANGUAGE_STANDARD = gnu99;
				GCC_NO_COMMON_BLOCKS = YES;
				GCC_WARN_64_TO_32_BIT_CONVERSION = YES;
				GCC_WARN_ABOUT_RETURN_TYPE = YES_ERROR;
				GCC_WARN_UNDECLARED_SELECTOR = YES;
				GCC_WARN_UNINITIALIZED_AUTOS = YES_AGGRESSIVE;
				GCC_WARN_UNUSED_FUNCTION = YES;
				GCC_WARN_UNUSED_VARIABLE = YES;
				IPHONEOS_DEPLOYMENT_TARGET = 10.0;
				MTL_ENABLE_DEBUG_INFO = NO;
				SDKROOT = iphoneos;
				VALIDATE_PRODUCT = YES;
			};
			name = Release;
		};
		CDA1DED01DBA3B000067C7F5 /* Debug */ = {
			isa = XCBuildConfiguration;
			buildSettings = {
				ASSETCATALOG_COMPILER_APPICON_NAME = AppIcon;
				DEVELOPMENT_TEAM = 5V5B3UC44Z;
				INFOPLIST_FILE = ZHNformView/Info.plist;
				LD_RUNPATH_SEARCH_PATHS = "$(inherited) @executable_path/Frameworks";
				PRODUCT_BUNDLE_IDENTIFIER = zhn.ZHNformView;
				PRODUCT_NAME = "$(TARGET_NAME)";
			};
			name = Debug;
		};
		CDA1DED11DBA3B000067C7F5 /* Release */ = {
			isa = XCBuildConfiguration;
			buildSettings = {
				ASSETCATALOG_COMPILER_APPICON_NAME = AppIcon;
				DEVELOPMENT_TEAM = 5V5B3UC44Z;
				INFOPLIST_FILE = ZHNformView/Info.plist;
				LD_RUNPATH_SEARCH_PATHS = "$(inherited) @executable_path/Frameworks";
				PRODUCT_BUNDLE_IDENTIFIER = zhn.ZHNformView;
				PRODUCT_NAME = "$(TARGET_NAME)";
			};
			name = Release;
		};
		CDA1DED31DBA3B000067C7F5 /* Debug */ = {
			isa = XCBuildConfiguration;
			buildSettings = {
				BUNDLE_LOADER = "$(TEST_HOST)";
				INFOPLIST_FILE = ZHNformViewTests/Info.plist;
				LD_RUNPATH_SEARCH_PATHS = "$(inherited) @executable_path/Frameworks @loader_path/Frameworks";
				PRODUCT_BUNDLE_IDENTIFIER = zhn.ZHNformViewTests;
				PRODUCT_NAME = "$(TARGET_NAME)";
				TEST_HOST = "$(BUILT_PRODUCTS_DIR)/ZHNformView.app/ZHNformView";
			};
			name = Debug;
		};
		CDA1DED41DBA3B000067C7F5 /* Release */ = {
			isa = XCBuildConfiguration;
			buildSettings = {
				BUNDLE_LOADER = "$(TEST_HOST)";
				INFOPLIST_FILE = ZHNformViewTests/Info.plist;
				LD_RUNPATH_SEARCH_PATHS = "$(inherited) @executable_path/Frameworks @loader_path/Frameworks";
				PRODUCT_BUNDLE_IDENTIFIER = zhn.ZHNformViewTests;
				PRODUCT_NAME = "$(TARGET_NAME)";
				TEST_HOST = "$(BUILT_PRODUCTS_DIR)/ZHNformView.app/ZHNformView";
			};
			name = Release;
		};
		CDA1DED61DBA3B000067C7F5 /* Debug */ = {
			isa = XCBuildConfiguration;
			buildSettings = {
				INFOPLIST_FILE = ZHNformViewUITests/Info.plist;
				LD_RUNPATH_SEARCH_PATHS = "$(inherited) @executable_path/Frameworks @loader_path/Frameworks";
				PRODUCT_BUNDLE_IDENTIFIER = zhn.ZHNformViewUITests;
				PRODUCT_NAME = "$(TARGET_NAME)";
				TEST_TARGET_NAME = ZHNformView;
			};
			name = Debug;
		};
		CDA1DED71DBA3B000067C7F5 /* Release */ = {
			isa = XCBuildConfiguration;
			buildSettings = {
				INFOPLIST_FILE = ZHNformViewUITests/Info.plist;
				LD_RUNPATH_SEARCH_PATHS = "$(inherited) @executable_path/Frameworks @loader_path/Frameworks";
				PRODUCT_BUNDLE_IDENTIFIER = zhn.ZHNformViewUITests;
				PRODUCT_NAME = "$(TARGET_NAME)";
				TEST_TARGET_NAME = ZHNformView;
			};
			name = Release;
		};
/* End XCBuildConfiguration section */

/* Begin XCConfigurationList section */
		CDA1DE9D1DBA3B000067C7F5 /* Build configuration list for PBXProject "ZHNformView" */ = {
			isa = XCConfigurationList;
			buildConfigurations = (
				CDA1DECD1DBA3B000067C7F5 /* Debug */,
				CDA1DECE1DBA3B000067C7F5 /* Release */,
			);
			defaultConfigurationIsVisible = 0;
			defaultConfigurationName = Release;
		};
		CDA1DECF1DBA3B000067C7F5 /* Build configuration list for PBXNativeTarget "ZHNformView" */ = {
			isa = XCConfigurationList;
			buildConfigurations = (
				CDA1DED01DBA3B000067C7F5 /* Debug */,
				CDA1DED11DBA3B000067C7F5 /* Release */,
			);
			defaultConfigurationIsVisible = 0;
			defaultConfigurationName = Release;
		};
		CDA1DED21DBA3B000067C7F5 /* Build configuration list for PBXNativeTarget "ZHNformViewTests" */ = {
			isa = XCConfigurationList;
			buildConfigurations = (
				CDA1DED31DBA3B000067C7F5 /* Debug */,
				CDA1DED41DBA3B000067C7F5 /* Release */,
			);
			defaultConfigurationIsVisible = 0;
			defaultConfigurationName = Release;
		};
		CDA1DED51DBA3B000067C7F5 /* Build configuration list for PBXNativeTarget "ZHNformViewUITests" */ = {
			isa = XCConfigurationList;
			buildConfigurations = (
				CDA1DED61DBA3B000067C7F5 /* Debug */,
				CDA1DED71DBA3B000067C7F5 /* Release */,
			);
			defaultConfigurationIsVisible = 0;
			defaultConfigurationName = Release;
		};
/* End XCConfigurationList section */
	};
	rootObject = CDA1DE9A1DBA3B000067C7F5 /* Project object */;
}
